
Microsoft Visual Studio Solution File, Format Version 12.00
# Visual Studio Version 17
VisualStudioVersion = 17.5.33627.172
MinimumVisualStudioVersion = 10.0.40219.1
Project("{FAE04EC0-301F-11D3-BF4B-00C04F79EFBC}") = "BroMakerLib", "BroMakerLib\BroMakerLib.csproj", "{1D628CEE-72B0-4318-B136-AA16203256FF}"
EndProject
Project("{FAE04EC0-301F-11D3-BF4B-00C04F79EFBC}") = "BroMakerLib.UnityMod", "BroMakerLib.UnityMod\BroMakerLib.UnityMod.csproj", "{EE73D5BE-AFAD-41B4-91B0-3AD78EF2B35A}"
	ProjectSection(ProjectDependencies) = postProject
		{384DE594-93E2-4050-AA44-FFDE06283896} = {384DE594-93E2-4050-AA44-FFDE06283896}
		{1D628CEE-72B0-4318-B136-AA16203256FF} = {1D628CEE-72B0-4318-B136-AA16203256FF}
	EndProjectSection
EndProject
Project("{FAE04EC0-301F-11D3-BF4B-00C04F79EFBC}") = "BroMakerLib.Editor", "BroMakerLib.Editor\BroMakerLib.Editor.csproj", "{384DE594-93E2-4050-AA44-FFDE06283896}"
	ProjectSection(ProjectDependencies) = postProject
		{1D628CEE-72B0-4318-B136-AA16203256FF} = {1D628CEE-72B0-4318-B136-AA16203256FF}
	EndProjectSection
EndProject
Global
	GlobalSection(SolutionConfigurationPlatforms) = preSolution
		Debug|Any CPU = Debug|Any CPU
		Release|Any CPU = Release|Any CPU
	EndGlobalSection
	GlobalSection(ProjectConfigurationPlatforms) = postSolution
		{1D628CEE-72B0-4318-B136-AA16203256FF}.Debug|Any CPU.ActiveCfg = Debug|Any CPU
		{1D628CEE-72B0-4318-B136-AA16203256FF}.Debug|Any CPU.Build.0 = Debug|Any CPU
		{1D628CEE-72B0-4318-B136-AA16203256FF}.Release|Any CPU.ActiveCfg = Release|Any CPU
		{1D628CEE-72B0-4318-B136-AA16203256FF}.Release|Any CPU.Build.0 = Release|Any CPU
		{EE73D5BE-AFAD-41B4-91B0-3AD78EF2B35A}.Debug|Any CPU.ActiveCfg = Debug|Any CPU
		{EE73D5BE-AFAD-41B4-91B0-3AD78EF2B35A}.Debug|Any CPU.Build.0 = Debug|Any CPU
		{EE73D5BE-AFAD-41B4-91B0-3AD78EF2B35A}.Release|Any CPU.ActiveCfg = Release|Any CPU
		{EE73D5BE-AFAD-41B4-91B0-3AD78EF2B35A}.Release|Any CPU.Build.0 = Release|Any CPU
		{384DE594-93E2-4050-AA44-FFDE06283896}.Debug|Any CPU.ActiveCfg = Debug|Any CPU
		{384DE594-93E2-4050-AA44-FFDE06283896}.Debug|Any CPU.Build.0 = Debug|Any CPU
		{384DE594-93E2-4050-AA44-FFDE06283896}.Release|Any CPU.ActiveCfg = Release|Any CPU
		{384DE594-93E2-4050-AA44-FFDE06283896}.Release|Any CPU.Build.0 = Release|Any CPU
	EndGlobalSection
	GlobalSection(SolutionProperties) = preSolution
		HideSolutionNode = FALSE
	EndGlobalSection
	GlobalSection(ExtensibilityGlobals) = postSolution
		SolutionGuid = {E53F7C3C-6396-464F-89F0-D10BF57E08B0}
	EndGlobalSection
EndGlobal
